
Microsoft Visual Studio Solution File, Format Version 12.00
# Visual Studio Version 17
VisualStudioVersion = 17.2.32616.157
MinimumVisualStudioVersion = 10.0.40219.1
Project("{9A19103F-16F7-4668-BE54-9A1E7A4F7556}") = "Ritsukage-Core", "Ritsukage-Core\Ritsukage-Core.csproj", "{D469B96F-864C-4D4A-A109-5840840B83FB}"
EndProject
Project("{9A19103F-16F7-4668-BE54-9A1E7A4F7556}") = "Sora", "Sora\Sora\Sora.csproj", "{19C5E2F5-BCFE-482F-AE5C-880FE2E9F043}"
EndProject
Project("{9A19103F-16F7-4668-BE54-9A1E7A4F7556}") = "ToolUnitTestProject", "ToolUnitTestProject\ToolUnitTestProject.csproj", "{8E175DA2-D5DF-4DDA-9B7B-C9BA0F172A28}"
EndProject
Project("{9A19103F-16F7-4668-BE54-9A1E7A4F7556}") = "CommandDocumentGenerator", "CommandDocumentGenerator\CommandDocumentGenerator.csproj", "{959BB2E4-61F6-4976-A3EE-E72DCC641BED}"
EndProject
Project("{9A19103F-16F7-4668-BE54-9A1E7A4F7556}") = "GifCompress", "GifCompress\GifCompress.csproj", "{0DA141EB-920E-448F-BF1E-F59D104D2077}"
EndProject
Project("{9A19103F-16F7-4668-BE54-9A1E7A4F7556}") = "Acquisition", "Acquisition\Acquisition.csproj", "{998A5D83-C3F0-4C61-A788-BD65AAF83DEF}"
EndProject
Project("{FAE04EC0-301F-11D3-BF4B-00C04F79EFBC}") = "SteamAuth", "SteamAuth\SteamAuth\SteamAuth.csproj", "{5AD0934E-F6C4-4AE5-83AF-C788313B2A87}"
EndProject
Global
	GlobalSection(SolutionConfigurationPlatforms) = preSolution
		Debug|Any CPU = Debug|Any CPU
		Release|Any CPU = Release|Any CPU
	EndGlobalSection
	GlobalSection(ProjectConfigurationPlatforms) = postSolution
		{D469B96F-864C-4D4A-A109-5840840B83FB}.Debug|Any CPU.ActiveCfg = Debug|Any CPU
		{D469B96F-864C-4D4A-A109-5840840B83FB}.Debug|Any CPU.Build.0 = Debug|Any CPU
		{D469B96F-864C-4D4A-A109-5840840B83FB}.Release|Any CPU.ActiveCfg = Release|Any CPU
		{D469B96F-864C-4D4A-A109-5840840B83FB}.Release|Any CPU.Build.0 = Release|Any CPU
		{19C5E2F5-BCFE-482F-AE5C-880FE2E9F043}.Debug|Any CPU.ActiveCfg = Debug|Any CPU
		{19C5E2F5-BCFE-482F-AE5C-880FE2E9F043}.Debug|Any CPU.Build.0 = Debug|Any CPU
		{19C5E2F5-BCFE-482F-AE5C-880FE2E9F043}.Release|Any CPU.ActiveCfg = Release|Any CPU
		{19C5E2F5-BCFE-482F-AE5C-880FE2E9F043}.Release|Any CPU.Build.0 = Release|Any CPU
		{8E175DA2-D5DF-4DDA-9B7B-C9BA0F172A28}.Debug|Any CPU.ActiveCfg = Debug|Any CPU
		{8E175DA2-D5DF-4DDA-9B7B-C9BA0F172A28}.Debug|Any CPU.Build.0 = Debug|Any CPU
		{8E175DA2-D5DF-4DDA-9B7B-C9BA0F172A28}.Release|Any CPU.ActiveCfg = Release|Any CPU
		{8E175DA2-D5DF-4DDA-9B7B-C9BA0F172A28}.Release|Any CPU.Build.0 = Release|Any CPU
		{959BB2E4-61F6-4976-A3EE-E72DCC641BED}.Debug|Any CPU.ActiveCfg = Debug|Any CPU
		{959BB2E4-61F6-4976-A3EE-E72DCC641BED}.Debug|Any CPU.Build.0 = Debug|Any CPU
		{959BB2E4-61F6-4976-A3EE-E72DCC641BED}.Release|Any CPU.ActiveCfg = Release|Any CPU
		{959BB2E4-61F6-4976-A3EE-E72DCC641BED}.Release|Any CPU.Build.0 = Release|Any CPU
		{0DA141EB-920E-448F-BF1E-F59D104D2077}.Debug|Any CPU.ActiveCfg = Debug|Any CPU
		{0DA141EB-920E-448F-BF1E-F59D104D2077}.Debug|Any CPU.Build.0 = Debug|Any CPU
		{0DA141EB-920E-448F-BF1E-F59D104D2077}.Release|Any CPU.ActiveCfg = Release|Any CPU
		{0DA141EB-920E-448F-BF1E-F59D104D2077}.Release|Any CPU.Build.0 = Release|Any CPU
		{998A5D83-C3F0-4C61-A788-BD65AAF83DEF}.Debug|Any CPU.ActiveCfg = Debug|Any CPU
		{998A5D83-C3F0-4C61-A788-BD65AAF83DEF}.Debug|Any CPU.Build.0 = Debug|Any CPU
		{998A5D83-C3F0-4C61-A788-BD65AAF83DEF}.Release|Any CPU.ActiveCfg = Release|Any CPU
		{998A5D83-C3F0-4C61-A788-BD65AAF83DEF}.Release|Any CPU.Build.0 = Release|Any CPU
		{5AD0934E-F6C4-4AE5-83AF-C788313B2A87}.Debug|Any CPU.ActiveCfg = Debug|Any CPU
		{5AD0934E-F6C4-4AE5-83AF-C788313B2A87}.Debug|Any CPU.Build.0 = Debug|Any CPU
		{5AD0934E-F6C4-4AE5-83AF-C788313B2A87}.Release|Any CPU.ActiveCfg = Release|Any CPU
		{5AD0934E-F6C4-4AE5-83AF-C788313B2A87}.Release|Any CPU.Build.0 = Release|Any CPU
	EndGlobalSection
	GlobalSection(SolutionProperties) = preSolution
		HideSolutionNode = FALSE
	EndGlobalSection
	GlobalSection(ExtensibilityGlobals) = postSolution
		SolutionGuid = {61100DE6-5066-417F-8E36-3ED070F4EA04}
	EndGlobalSection
EndGlobal
